
Microsoft Visual Studio Solution File, Format Version 12.00
# Visual Studio Version 17
VisualStudioVersion = 17.1.32210.238
MinimumVisualStudioVersion = 10.0.40219.1
Project("{FAE04EC0-301F-11D3-BF4B-00C04F79EFBC}") = "ClothWEPAPI", "ClothWEPAPI.csproj", "{52396635-D1FD-4889-AC73-45FA154A149E}"
EndProject
Global
	GlobalSection(SolutionConfigurationPlatforms) = preSolution
		Debug|Any CPU = Debug|Any CPU
		Release|Any CPU = Release|Any CPU
	EndGlobalSection
	GlobalSection(ProjectConfigurationPlatforms) = postSolution
		{52396635-D1FD-4889-AC73-45FA154A149E}.Debug|Any CPU.ActiveCfg = Debug|Any CPU
		{52396635-D1FD-4889-AC73-45FA154A149E}.Debug|Any CPU.Build.0 = Debug|Any CPU
		{52396635-D1FD-4889-AC73-45FA154A149E}.Release|Any CPU.ActiveCfg = Release|Any CPU
		{52396635-D1FD-4889-AC73-45FA154A149E}.Release|Any CPU.Build.0 = Release|Any CPU
	EndGlobalSection
	GlobalSection(SolutionProperties) = preSolution
		HideSolutionNode = FALSE
	EndGlobalSection
	GlobalSection(ExtensibilityGlobals) = postSolution
		SolutionGuid = {B3DC3CC9-D6E6-4B57-88ED-DBE8DD13D1A1}
	EndGlobalSection
EndGlobal
